// !$*UTF8*$!
{
	archiveVersion = 1;
	classes = {
	};
	objectVersion = 50;
	objects = {

/* Begin PBXBuildFile section */
		77ECAC0326E92A1F00A83B6D /* Assets.xcassets in Resources */ = {isa = PBXBuildFile; fileRef = 77ECAC0226E92A1F00A83B6D /* Assets.xcassets */; };
		77ECAC0626E92A1F00A83B6D /* Preview Assets.xcassets in Resources */ = {isa = PBXBuildFile; fileRef = 77ECAC0526E92A1F00A83B6D /* Preview Assets.xcassets */; };
		77ECAC1426E92B0E00A83B6D /* EventRApp.swift in Sources */ = {isa = PBXBuildFile; fileRef = 77ECAC1026E92B0E00A83B6D /* EventRApp.swift */; };
		77ECAC1526E92B0E00A83B6D /* EventListView.swift in Sources */ = {isa = PBXBuildFile; fileRef = 77ECAC1226E92B0E00A83B6D /* EventListView.swift */; };
		77ECAC1726E92BA000A83B6D /* EventRowView.swift in Sources */ = {isa = PBXBuildFile; fileRef = 77ECAC1626E92BA000A83B6D /* EventRowView.swift */; };
		77ECAC1926E92BC000A83B6D /* EventListViewModel.swift in Sources */ = {isa = PBXBuildFile; fileRef = 77ECAC1826E92BC000A83B6D /* EventListViewModel.swift */; };
		77ECAC1B26E92BD100A83B6D /* EventRowViewModel.swift in Sources */ = {isa = PBXBuildFile; fileRef = 77ECAC1A26E92BD100A83B6D /* EventRowViewModel.swift */; };
/* End PBXBuildFile section */

/* Begin PBXFileReference section */
		77ECABFB26E92A1D00A83B6D /* EventR.app */ = {isa = PBXFileReference; explicitFileType = wrapper.application; includeInIndex = 0; path = EventR.app; sourceTree = BUILT_PRODUCTS_DIR; };
		77ECAC0226E92A1F00A83B6D /* Assets.xcassets */ = {isa = PBXFileReference; lastKnownFileType = folder.assetcatalog; path = Assets.xcassets; sourceTree = "<group>"; };
		77ECAC0526E92A1F00A83B6D /* Preview Assets.xcassets */ = {isa = PBXFileReference; lastKnownFileType = folder.assetcatalog; path = "Preview Assets.xcassets"; sourceTree = "<group>"; };
		77ECAC0726E92A1F00A83B6D /* Info.plist */ = {isa = PBXFileReference; lastKnownFileType = text.plist.xml; path = Info.plist; sourceTree = "<group>"; };
		77ECAC1026E92B0E00A83B6D /* EventRApp.swift */ = {isa = PBXFileReference; fileEncoding = 4; lastKnownFileType = sourcecode.swift; path = EventRApp.swift; sourceTree = "<group>"; };
		77ECAC1226E92B0E00A83B6D /* EventListView.swift */ = {isa = PBXFileReference; fileEncoding = 4; lastKnownFileType = sourcecode.swift; path = EventListView.swift; sourceTree = "<group>"; };
		77ECAC1626E92BA000A83B6D /* EventRowView.swift */ = {isa = PBXFileReference; lastKnownFileType = sourcecode.swift; path = EventRowView.swift; sourceTree = "<group>"; };
		77ECAC1826E92BC000A83B6D /* EventListViewModel.swift */ = {isa = PBXFileReference; lastKnownFileType = sourcecode.swift; name = EventListViewModel.swift; path = EventR/ViewModel/EventListViewModel.swift; sourceTree = SOURCE_ROOT; };
		77ECAC1A26E92BD100A83B6D /* EventRowViewModel.swift */ = {isa = PBXFileReference; lastKnownFileType = sourcecode.swift; name = EventRowViewModel.swift; path = EventR/ViewModel/EventRowViewModel.swift; sourceTree = SOURCE_ROOT; };
/* End PBXFileReference section */

/* Begin PBXFrameworksBuildPhase section */
		77ECABF826E92A1D00A83B6D /* Frameworks */ = {
			isa = PBXFrameworksBuildPhase;
			buildActionMask = 2147483647;
			files = (
			);
			runOnlyForDeploymentPostprocessing = 0;
		};
/* End PBXFrameworksBuildPhase section */

/* Begin PBXGroup section */
		77ECABF226E92A1D00A83B6D = {
			isa = PBXGroup;
			children = (
				77ECABFD26E92A1D00A83B6D /* EventR */,
				77ECABFC26E92A1D00A83B6D /* Products */,
			);
			sourceTree = "<group>";
		};
		77ECABFC26E92A1D00A83B6D /* Products */ = {
			isa = PBXGroup;
			children = (
				77ECABFB26E92A1D00A83B6D /* EventR.app */,
			);
			name = Products;
			sourceTree = "<group>";
		};
		77ECABFD26E92A1D00A83B6D /* EventR */ = {
			isa = PBXGroup;
			children = (
				77ECAC0F26E92B0E00A83B6D /* App */,
				77ECAC1326E92B0E00A83B6D /* Helpers */,
				77ECAC0E26E92B0E00A83B6D /* Models */,
				77ECAC1126E92B0E00A83B6D /* View */,
				77ECAC0D26E92B0E00A83B6D /* ViewModel */,
				77ECAC0226E92A1F00A83B6D /* Assets.xcassets */,
				77ECAC0726E92A1F00A83B6D /* Info.plist */,
				77ECAC0426E92A1F00A83B6D /* Preview Content */,
			);
			path = EventR;
			sourceTree = "<group>";
		};
		77ECAC0426E92A1F00A83B6D /* Preview Content */ = {
			isa = PBXGroup;
			children = (
				77ECAC0526E92A1F00A83B6D /* Preview Assets.xcassets */,
			);
			path = "Preview Content";
			sourceTree = "<group>";
		};
		77ECAC0D26E92B0E00A83B6D /* ViewModel */ = {
			isa = PBXGroup;
			children = (
			);
			path = ViewModel;
			sourceTree = "<group>";
		};
		77ECAC0E26E92B0E00A83B6D /* Models */ = {
			isa = PBXGroup;
			children = (
				77ECAC1826E92BC000A83B6D /* EventListViewModel.swift */,
				77ECAC1A26E92BD100A83B6D /* EventRowViewModel.swift */,
			);
			path = Models;
			sourceTree = "<group>";
		};
		77ECAC0F26E92B0E00A83B6D /* App */ = {
			isa = PBXGroup;
			children = (
				77ECAC1026E92B0E00A83B6D /* EventRApp.swift */,
			);
			path = App;
			sourceTree = "<group>";
		};
		77ECAC1126E92B0E00A83B6D /* View */ = {
			isa = PBXGroup;
			children = (
				77ECAC1226E92B0E00A83B6D /* EventListView.swift */,
				77ECAC1626E92BA000A83B6D /* EventRowView.swift */,
			);
			path = View;
			sourceTree = "<group>";
		};
		77ECAC1326E92B0E00A83B6D /* Helpers */ = {
			isa = PBXGroup;
			children = (
			);
			path = Helpers;
			sourceTree = "<group>";
		};
/* End PBXGroup section */

/* Begin PBXNativeTarget section */
		77ECABFA26E92A1D00A83B6D /* EventR */ = {
			isa = PBXNativeTarget;
			buildConfigurationList = 77ECAC0A26E92A1F00A83B6D /* Build configuration list for PBXNativeTarget "EventR" */;
			buildPhases = (
				77ECABF726E92A1D00A83B6D /* Sources */,
				77ECABF826E92A1D00A83B6D /* Frameworks */,
				77ECABF926E92A1D00A83B6D /* Resources */,
			);
			buildRules = (
			);
			dependencies = (
			);
			name = EventR;
			productName = EventR;
			productReference = 77ECABFB26E92A1D00A83B6D /* EventR.app */;
			productType = "com.apple.product-type.application";
		};
/* End PBXNativeTarget section */

/* Begin PBXProject section */
		77ECABF326E92A1D00A83B6D /* Project object */ = {
			isa = PBXProject;
			attributes = {
				LastSwiftUpdateCheck = 1250;
				LastUpgradeCheck = 1250;
				TargetAttributes = {
					77ECABFA26E92A1D00A83B6D = {
						CreatedOnToolsVersion = 12.5;
					};
				};
			};
			buildConfigurationList = 77ECABF626E92A1D00A83B6D /* Build configuration list for PBXProject "EventR" */;
			compatibilityVersion = "Xcode 9.3";
			developmentRegion = en;
			hasScannedForEncodings = 0;
			knownRegions = (
				en,
				Base,
			);
			mainGroup = 77ECABF226E92A1D00A83B6D;
			productRefGroup = 77ECABFC26E92A1D00A83B6D /* Products */;
			projectDirPath = "";
			projectRoot = "";
			targets = (
				77ECABFA26E92A1D00A83B6D /* EventR */,
			);
		};
/* End PBXProject section */

/* Begin PBXResourcesBuildPhase section */
		77ECABF926E92A1D00A83B6D /* Resources */ = {
			isa = PBXResourcesBuildPhase;
			buildActionMask = 2147483647;
			files = (
				77ECAC0626E92A1F00A83B6D /* Preview Assets.xcassets in Resources */,
				77ECAC0326E92A1F00A83B6D /* Assets.xcassets in Resources */,
			);
			runOnlyForDeploymentPostprocessing = 0;
		};
/* End PBXResourcesBuildPhase section */

/* Begin PBXSourcesBuildPhase section */
		77ECABF726E92A1D00A83B6D /* Sources */ = {
			isa = PBXSourcesBuildPhase;
			buildActionMask = 2147483647;
			files = (
				77ECAC1B26E92BD100A83B6D /* EventRowViewModel.swift in Sources */,
				77ECAC1726E92BA000A83B6D /* EventRowView.swift in Sources */,
				77ECAC1926E92BC000A83B6D /* EventListViewModel.swift in Sources */,
				77ECAC1526E92B0E00A83B6D /* EventListView.swift in Sources */,
				77ECAC1426E92B0E00A83B6D /* EventRApp.swift in Sources */,
			);
			runOnlyForDeploymentPostprocessing = 0;
		};
/* End PBXSourcesBuildPhase section */

/* Begin XCBuildConfiguration section */
		77ECAC0826E92A1F00A83B6D /* Debug */ = {
			isa = XCBuildConfiguration;
			buildSettings = {
				ALWAYS_SEARCH_USER_PATHS = NO;
				CLANG_ANALYZER_NONNULL = YES;
				CLANG_ANALYZER_NUMBER_OBJECT_CONVERSION = YES_AGGRESSIVE;
				CLANG_CXX_LANGUAGE_STANDARD = "gnu++14";
				CLANG_CXX_LIBRARY = "libc++";
				CLANG_ENABLE_MODULES = YES;
				CLANG_ENABLE_OBJC_ARC = YES;
				CLANG_ENABLE_OBJC_WEAK = YES;
				CLANG_WARN_BLOCK_CAPTURE_AUTORELEASING = YES;
				CLANG_WARN_BOOL_CONVERSION = YES;
				CLANG_WARN_COMMA = YES;
				CLANG_WARN_CONSTANT_CONVERSION = YES;
				CLANG_WARN_DEPRECATED_OBJC_IMPLEMENTATIONS = YES;
				CLANG_WARN_DIRECT_OBJC_ISA_USAGE = YES_ERROR;
				CLANG_WARN_DOCUMENTATION_COMMENTS = YES;
				CLANG_WARN_EMPTY_BODY = YES;
				CLANG_WARN_ENUM_CONVERSION = YES;
				CLANG_WARN_INFINITE_RECURSION = YES;
				CLANG_WARN_INT_CONVERSION = YES;
				CLANG_WARN_NON_LITERAL_NULL_CONVERSION = YES;
				CLANG_WARN_OBJC_IMPLICIT_RETAIN_SELF = YES;
				CLANG_WARN_OBJC_LITERAL_CONVERSION = YES;
				CLANG_WARN_OBJC_ROOT_CLASS = YES_ERROR;
				CLANG_WARN_QUOTED_INCLUDE_IN_FRAMEWORK_HEADER = YES;
				CLANG_WARN_RANGE_LOOP_ANALYSIS = YES;
				CLANG_WARN_STRICT_PROTOTYPES = YES;
				CLANG_WARN_SUSPICIOUS_MOVE = YES;
				CLANG_WARN_UNGUARDED_AVAILABILITY = YES_AGGRESSIVE;
				CLANG_WARN_UNREACHABLE_CODE = YES;
				CLANG_WARN__DUPLICATE_METHOD_MATCH = YES;
				COPY_PHASE_STRIP = NO;
				DEBUG_INFORMATION_FORMAT = dwarf;
				ENABLE_STRICT_OBJC_MSGSEND = YES;
				ENABLE_TESTABILITY = YES;
				GCC_C_LANGUAGE_STANDARD = gnu11;
				GCC_DYNAMIC_NO_PIC = NO;
				GCC_NO_COMMON_BLOCKS = YES;
				GCC_OPTIMIZATION_LEVEL = 0;
				GCC_PREPROCESSOR_DEFINITIONS = (
					"DEBUG=1",
					"$(inherited)",
				);
				GCC_WARN_64_TO_32_BIT_CONVERSION = YES;
				GCC_WARN_ABOUT_RETURN_TYPE = YES_ERROR;
				GCC_WARN_UNDECLARED_SELECTOR = YES;
				GCC_WARN_UNINITIALIZED_AUTOS = YES_AGGRESSIVE;
				GCC_WARN_UNUSED_FUNCTION = YES;
				GCC_WARN_UNUSED_VARIABLE = YES;
				IPHONEOS_DEPLOYMENT_TARGET = 14.5;
				MTL_ENABLE_DEBUG_INFO = INCLUDE_SOURCE;
				MTL_FAST_MATH = YES;
				ONLY_ACTIVE_ARCH = YES;
				SDKROOT = iphoneos;
				SWIFT_ACTIVE_COMPILATION_CONDITIONS = DEBUG;
				SWIFT_OPTIMIZATION_LEVEL = "-Onone";
			};
			name = Debug;
		};
		77ECAC0926E92A1F00A83B6D /* Release */ = {
			isa = XCBuildConfiguration;
			buildSettings = {
				ALWAYS_SEARCH_USER_PATHS = NO;
				CLANG_ANALYZER_NONNULL = YES;
				CLANG_ANALYZER_NUMBER_OBJECT_CONVERSION = YES_AGGRESSIVE;
				CLANG_CXX_LANGUAGE_STANDARD = "gnu++14";
				CLANG_CXX_LIBRARY = "libc++";
				CLANG_ENABLE_MODULES = YES;
				CLANG_ENABLE_OBJC_ARC = YES;
				CLANG_ENABLE_OBJC_WEAK = YES;
				CLANG_WARN_BLOCK_CAPTURE_AUTORELEASING = YES;
				CLANG_WARN_BOOL_CONVERSION = YES;
				CLANG_WARN_COMMA = YES;
				CLANG_WARN_CONSTANT_CONVERSION = YES;
				CLANG_WARN_DEPRECATED_OBJC_IMPLEMENTATIONS = YES;
				CLANG_WARN_DIRECT_OBJC_ISA_USAGE = YES_ERROR;
				CLANG_WARN_DOCUMENTATION_COMMENTS = YES;
				CLANG_WARN_EMPTY_BODY = YES;
				CLANG_WARN_ENUM_CONVERSION = YES;
				CLANG_WARN_INFINITE_RECURSION = YES;
				CLANG_WARN_INT_CONVERSION = YES;
				CLANG_WARN_NON_LITERAL_NULL_CONVERSION = YES;
				CLANG_WARN_OBJC_IMPLICIT_RETAIN_SELF = YES;
				CLANG_WARN_OBJC_LITERAL_CONVERSION = YES;
				CLANG_WARN_OBJC_ROOT_CLASS = YES_ERROR;
				CLANG_WARN_QUOTED_INCLUDE_IN_FRAMEWORK_HEADER = YES;
				CLANG_WARN_RANGE_LOOP_ANALYSIS = YES;
				CLANG_WARN_STRICT_PROTOTYPES = YES;
				CLANG_WARN_SUSPICIOUS_MOVE = YES;
				CLANG_WARN_UNGUARDED_AVAILABILITY = YES_AGGRESSIVE;
				CLANG_WARN_UNREACHABLE_CODE = YES;
				CLANG_WARN__DUPLICATE_METHOD_MATCH = YES;
				COPY_PHASE_STRIP = NO;
				DEBUG_INFORMATION_FORMAT = "dwarf-with-dsym";
				ENABLE_NS_ASSERTIONS = NO;
				ENABLE_STRICT_OBJC_MSGSEND = YES;
				GCC_C_LANGUAGE_STANDARD = gnu11;
				GCC_NO_COMMON_BLOCKS = YES;
				GCC_WARN_64_TO_32_BIT_CONVERSION = YES;
				GCC_WARN_ABOUT_RETURN_TYPE = YES_ERROR;
				GCC_WARN_UNDECLARED_SELECTOR = YES;
				GCC_WARN_UNINITIALIZED_AUTOS = YES_AGGRESSIVE;
				GCC_WARN_UNUSED_FUNCTION = YES;
				GCC_WARN_UNUSED_VARIABLE = YES;
				IPHONEOS_DEPLOYMENT_TARGET = 14.5;
				MTL_ENABLE_DEBUG_INFO = NO;
				MTL_FAST_MATH = YES;
				SDKROOT = iphoneos;
				SWIFT_COMPILATION_MODE = wholemodule;
				SWIFT_OPTIMIZATION_LEVEL = "-O";
				VALIDATE_PRODUCT = YES;
			};
			name = Release;
		};
		77ECAC0B26E92A1F00A83B6D /* Debug */ = {
			isa = XCBuildConfiguration;
			buildSettings = {
				ASSETCATALOG_COMPILER_APPICON_NAME = AppIcon;
				ASSETCATALOG_COMPILER_GLOBAL_ACCENT_COLOR_NAME = AccentColor;
				CODE_SIGN_STYLE = Automatic;
				DEVELOPMENT_ASSET_PATHS = "\"EventR/Preview Content\"";
				DEVELOPMENT_TEAM = S2C7F4L8G5;
				ENABLE_PREVIEWS = YES;
				INFOPLIST_FILE = EventR/Info.plist;
				IPHONEOS_DEPLOYMENT_TARGET = 14.0;
				LD_RUNPATH_SEARCH_PATHS = (
					"$(inherited)",
					"@executable_path/Frameworks",
				);
				PRODUCT_BUNDLE_IDENTIFIER = demo.com.EventR;
				PRODUCT_NAME = "$(TARGET_NAME)";
				SWIFT_VERSION = 5.0;
				TARGETED_DEVICE_FAMILY = "1,2";
			};
			name = Debug;
		};
		77ECAC0C26E92A1F00A83B6D /* Release */ = {
			isa = XCBuildConfiguration;
			buildSettings = {
				ASSETCATALOG_COMPILER_APPICON_NAME = AppIcon;
				ASSETCATALOG_COMPILER_GLOBAL_ACCENT_COLOR_NAME = AccentColor;
				CODE_SIGN_STYLE = Automatic;
				DEVELOPMENT_ASSET_PATHS = "\"EventR/Preview Content\"";
				DEVELOPMENT_TEAM = S2C7F4L8G5;
				ENABLE_PREVIEWS = YES;
				INFOPLIST_FILE = EventR/Info.plist;
				IPHONEOS_DEPLOYMENT_TARGET = 14.0;
				LD_RUNPATH_SEARCH_PATHS = (
					"$(inherited)",
					"@executable_path/Frameworks",
				);
				PRODUCT_BUNDLE_IDENTIFIER = demo.com.EventR;
				PRODUCT_NAME = "$(TARGET_NAME)";
				SWIFT_VERSION = 5.0;
				TARGETED_DEVICE_FAMILY = "1,2";
			};
			name = Release;
		};
/* End XCBuildConfiguration section */

/* Begin XCConfigurationList section */
		77ECABF626E92A1D00A83B6D /* Build configuration list for PBXProject "EventR" */ = {
			isa = XCConfigurationList;
			buildConfigurations = (
				77ECAC0826E92A1F00A83B6D /* Debug */,
				77ECAC0926E92A1F00A83B6D /* Release */,
			);
			defaultConfigurationIsVisible = 0;
			defaultConfigurationName = Release;
		};
		77ECAC0A26E92A1F00A83B6D /* Build configuration list for PBXNativeTarget "EventR" */ = {
			isa = XCConfigurationList;
			buildConfigurations = (
				77ECAC0B26E92A1F00A83B6D /* Debug */,
				77ECAC0C26E92A1F00A83B6D /* Release */,
			);
			defaultConfigurationIsVisible = 0;
			defaultConfigurationName = Release;
		};
/* End XCConfigurationList section */
	};
	rootObject = 77ECABF326E92A1D00A83B6D /* Project object */;
}
